
Microsoft Visual Studio Solution File, Format Version 12.00
# Visual Studio Version 17
VisualStudioVersion = 17.3.32901.215
MinimumVisualStudioVersion = 10.0.40219.1
Project("{FAE04EC0-301F-11D3-BF4B-00C04F79EFBC}") = "Test", "Test\Test.csproj", "{135C0635-D9C8-4D74-BC33-4F2B9A9EC50E}"
EndProject
Global
	GlobalSection(SolutionConfigurationPlatforms) = preSolution
		Debug|Any CPU = Debug|Any CPU
		Release|Any CPU = Release|Any CPU
	EndGlobalSection
	GlobalSection(ProjectConfigurationPlatforms) = postSolution
		{135C0635-D9C8-4D74-BC33-4F2B9A9EC50E}.Debug|Any CPU.ActiveCfg = Debug|Any CPU
		{135C0635-D9C8-4D74-BC33-4F2B9A9EC50E}.Debug|Any CPU.Build.0 = Debug|Any CPU
		{135C0635-D9C8-4D74-BC33-4F2B9A9EC50E}.Release|Any CPU.ActiveCfg = Release|Any CPU
		{135C0635-D9C8-4D74-BC33-4F2B9A9EC50E}.Release|Any CPU.Build.0 = Release|Any CPU
	EndGlobalSection
	GlobalSection(SolutionProperties) = preSolution
		HideSolutionNode = FALSE
	EndGlobalSection
	GlobalSection(ExtensibilityGlobals) = postSolution
		SolutionGuid = {B4C09DD8-BA88-4C4E-9C27-62B3E7378BCB}
	EndGlobalSection
EndGlobal
